
Microsoft Visual Studio Solution File, Format Version 12.00
Project("{FAE04EC0-301F-11D3-BF4B-00C04F79EFBC}") = "WorkAPI", "WorkAPI\WorkAPI.csproj", "{1A0EB10D-365D-4925-80E6-ADD0893363E5}"
EndProject
Global
	GlobalSection(SolutionConfigurationPlatforms) = preSolution
		Debug|Any CPU = Debug|Any CPU
		Release|Any CPU = Release|Any CPU
	EndGlobalSection
	GlobalSection(ProjectConfigurationPlatforms) = postSolution
		{1A0EB10D-365D-4925-80E6-ADD0893363E5}.Debug|Any CPU.ActiveCfg = Debug|Any CPU
		{1A0EB10D-365D-4925-80E6-ADD0893363E5}.Debug|Any CPU.Build.0 = Debug|Any CPU
		{1A0EB10D-365D-4925-80E6-ADD0893363E5}.Release|Any CPU.ActiveCfg = Release|Any CPU
		{1A0EB10D-365D-4925-80E6-ADD0893363E5}.Release|Any CPU.Build.0 = Release|Any CPU
	EndGlobalSection
EndGlobal
